
Microsoft Visual Studio Solution File, Format Version 12.00
# Visual Studio 15
VisualStudioVersion = 15.0.25807.0
MinimumVisualStudioVersion = 10.0.40219.1
Project("{2150E333-8FDC-42A3-9474-1A3956D46DE8}") = "Engine", "Engine", "{F5FD922B-F6DA-4974-8E35-D3CD0B8E8C79}"
EndProject
Project("{2150E333-8FDC-42A3-9474-1A3956D46DE8}") = "Games", "Games", "{525F7303-5D20-4AFC-BE74-FA4E7EB6D08B}"
EndProject
Project("{8BC9CEB8-8B4A-11D0-8D11-00A0C91BC942}") = "UE4", "Intermediate\ProjectFiles\UE4.vcxproj", "{467E333B-1512-4215-A5C9-0FFC31DB57B9}"
EndProject
Project("{8BC9CEB8-8B4A-11D0-8D11-00A0C91BC942}") = "HOF", "Intermediate\ProjectFiles\HOF.vcxproj", "{C9907B7D-6779-4138-BC96-B18DCE6C6BA9}"
EndProject
Global
	GlobalSection(SolutionConfigurationPlatforms) = preSolution
		DebugGame Editor|HTML5 = DebugGame Editor|HTML5
		DebugGame Editor|Win32 = DebugGame Editor|Win32
		DebugGame Editor|Win64 = DebugGame Editor|Win64
		DebugGame|HTML5 = DebugGame|HTML5
		DebugGame|Win32 = DebugGame|Win32
		DebugGame|Win64 = DebugGame|Win64
		Development Editor|HTML5 = Development Editor|HTML5
		Development Editor|Win32 = Development Editor|Win32
		Development Editor|Win64 = Development Editor|Win64
		Development|HTML5 = Development|HTML5
		Development|Win32 = Development|Win32
		Development|Win64 = Development|Win64
		Shipping|HTML5 = Shipping|HTML5
		Shipping|Win32 = Shipping|Win32
		Shipping|Win64 = Shipping|Win64
	EndGlobalSection
	GlobalSection(ProjectConfigurationPlatforms) = postSolution
		{467E333B-1512-4215-A5C9-0FFC31DB57B9}.DebugGame Editor|HTML5.ActiveCfg = BuiltWithUnrealBuildTool|Win32
		{467E333B-1512-4215-A5C9-0FFC31DB57B9}.DebugGame Editor|HTML5.Build.0 = BuiltWithUnrealBuildTool|Win32
		{467E333B-1512-4215-A5C9-0FFC31DB57B9}.DebugGame Editor|Win32.ActiveCfg = BuiltWithUnrealBuildTool|Win32
		{467E333B-1512-4215-A5C9-0FFC31DB57B9}.DebugGame Editor|Win32.Build.0 = BuiltWithUnrealBuildTool|Win32
		{467E333B-1512-4215-A5C9-0FFC31DB57B9}.DebugGame Editor|Win64.ActiveCfg = BuiltWithUnrealBuildTool|Win32
		{467E333B-1512-4215-A5C9-0FFC31DB57B9}.DebugGame Editor|Win64.Build.0 = BuiltWithUnrealBuildTool|Win32
		{467E333B-1512-4215-A5C9-0FFC31DB57B9}.DebugGame|HTML5.ActiveCfg = BuiltWithUnrealBuildTool|Win32
		{467E333B-1512-4215-A5C9-0FFC31DB57B9}.DebugGame|HTML5.Build.0 = BuiltWithUnrealBuildTool|Win32
		{467E333B-1512-4215-A5C9-0FFC31DB57B9}.DebugGame|Win32.ActiveCfg = BuiltWithUnrealBuildTool|Win32
		{467E333B-1512-4215-A5C9-0FFC31DB57B9}.DebugGame|Win32.Build.0 = BuiltWithUnrealBuildTool|Win32
		{467E333B-1512-4215-A5C9-0FFC31DB57B9}.DebugGame|Win64.ActiveCfg = BuiltWithUnrealBuildTool|Win32
		{467E333B-1512-4215-A5C9-0FFC31DB57B9}.DebugGame|Win64.Build.0 = BuiltWithUnrealBuildTool|Win32
		{467E333B-1512-4215-A5C9-0FFC31DB57B9}.Development Editor|HTML5.ActiveCfg = BuiltWithUnrealBuildTool|Win32
		{467E333B-1512-4215-A5C9-0FFC31DB57B9}.Development Editor|HTML5.Build.0 = BuiltWithUnrealBuildTool|Win32
		{467E333B-1512-4215-A5C9-0FFC31DB57B9}.Development Editor|Win32.ActiveCfg = BuiltWithUnrealBuildTool|Win32
		{467E333B-1512-4215-A5C9-0FFC31DB57B9}.Development Editor|Win32.Build.0 = BuiltWithUnrealBuildTool|Win32
		{467E333B-1512-4215-A5C9-0FFC31DB57B9}.Development Editor|Win64.ActiveCfg = BuiltWithUnrealBuildTool|Win32
		{467E333B-1512-4215-A5C9-0FFC31DB57B9}.Development Editor|Win64.Build.0 = BuiltWithUnrealBuildTool|Win32
		{467E333B-1512-4215-A5C9-0FFC31DB57B9}.Development|HTML5.ActiveCfg = BuiltWithUnrealBuildTool|Win32
		{467E333B-1512-4215-A5C9-0FFC31DB57B9}.Development|HTML5.Build.0 = BuiltWithUnrealBuildTool|Win32
		{467E333B-1512-4215-A5C9-0FFC31DB57B9}.Development|Win32.ActiveCfg = BuiltWithUnrealBuildTool|Win32
		{467E333B-1512-4215-A5C9-0FFC31DB57B9}.Development|Win32.Build.0 = BuiltWithUnrealBuildTool|Win32
		{467E333B-1512-4215-A5C9-0FFC31DB57B9}.Development|Win64.ActiveCfg = BuiltWithUnrealBuildTool|Win32
		{467E333B-1512-4215-A5C9-0FFC31DB57B9}.Development|Win64.Build.0 = BuiltWithUnrealBuildTool|Win32
		{467E333B-1512-4215-A5C9-0FFC31DB57B9}.Shipping|HTML5.ActiveCfg = BuiltWithUnrealBuildTool|Win32
		{467E333B-1512-4215-A5C9-0FFC31DB57B9}.Shipping|HTML5.Build.0 = BuiltWithUnrealBuildTool|Win32
		{467E333B-1512-4215-A5C9-0FFC31DB57B9}.Shipping|Win32.ActiveCfg = BuiltWithUnrealBuildTool|Win32
		{467E333B-1512-4215-A5C9-0FFC31DB57B9}.Shipping|Win32.Build.0 = BuiltWithUnrealBuildTool|Win32
		{467E333B-1512-4215-A5C9-0FFC31DB57B9}.Shipping|Win64.ActiveCfg = BuiltWithUnrealBuildTool|Win32
		{467E333B-1512-4215-A5C9-0FFC31DB57B9}.Shipping|Win64.Build.0 = BuiltWithUnrealBuildTool|Win32
		{C9907B7D-6779-4138-BC96-B18DCE6C6BA9}.DebugGame Editor|HTML5.ActiveCfg = HTML5_DebugGame_Editor|Win32
		{C9907B7D-6779-4138-BC96-B18DCE6C6BA9}.DebugGame Editor|Win32.ActiveCfg = DebugGame_Editor|Win32
		{C9907B7D-6779-4138-BC96-B18DCE6C6BA9}.DebugGame Editor|Win64.ActiveCfg = DebugGame_Editor|x64
		{C9907B7D-6779-4138-BC96-B18DCE6C6BA9}.DebugGame Editor|Win64.Build.0 = DebugGame_Editor|x64
		{C9907B7D-6779-4138-BC96-B18DCE6C6BA9}.DebugGame|HTML5.ActiveCfg = HTML5_DebugGame_Game|Win32
		{C9907B7D-6779-4138-BC96-B18DCE6C6BA9}.DebugGame|HTML5.Build.0 = HTML5_DebugGame_Game|Win32
		{C9907B7D-6779-4138-BC96-B18DCE6C6BA9}.DebugGame|Win32.ActiveCfg = DebugGame_Game|Win32
		{C9907B7D-6779-4138-BC96-B18DCE6C6BA9}.DebugGame|Win32.Build.0 = DebugGame_Game|Win32
		{C9907B7D-6779-4138-BC96-B18DCE6C6BA9}.DebugGame|Win64.ActiveCfg = DebugGame_Game|x64
		{C9907B7D-6779-4138-BC96-B18DCE6C6BA9}.DebugGame|Win64.Build.0 = DebugGame_Game|x64
		{C9907B7D-6779-4138-BC96-B18DCE6C6BA9}.Development Editor|HTML5.ActiveCfg = HTML5_Development_Editor|Win32
		{C9907B7D-6779-4138-BC96-B18DCE6C6BA9}.Development Editor|Win32.ActiveCfg = Development_Editor|Win32
		{C9907B7D-6779-4138-BC96-B18DCE6C6BA9}.Development Editor|Win64.ActiveCfg = Development_Editor|x64
		{C9907B7D-6779-4138-BC96-B18DCE6C6BA9}.Development Editor|Win64.Build.0 = Development_Editor|x64
		{C9907B7D-6779-4138-BC96-B18DCE6C6BA9}.Development|HTML5.ActiveCfg = HTML5_Development_Game|Win32
		{C9907B7D-6779-4138-BC96-B18DCE6C6BA9}.Development|HTML5.Build.0 = HTML5_Development_Game|Win32
		{C9907B7D-6779-4138-BC96-B18DCE6C6BA9}.Development|Win32.ActiveCfg = Development_Game|Win32
		{C9907B7D-6779-4138-BC96-B18DCE6C6BA9}.Development|Win32.Build.0 = Development_Game|Win32
		{C9907B7D-6779-4138-BC96-B18DCE6C6BA9}.Development|Win64.ActiveCfg = Development_Game|x64
		{C9907B7D-6779-4138-BC96-B18DCE6C6BA9}.Development|Win64.Build.0 = Development_Game|x64
		{C9907B7D-6779-4138-BC96-B18DCE6C6BA9}.Shipping|HTML5.ActiveCfg = HTML5_Shipping_Game|Win32
		{C9907B7D-6779-4138-BC96-B18DCE6C6BA9}.Shipping|HTML5.Build.0 = HTML5_Shipping_Game|Win32
		{C9907B7D-6779-4138-BC96-B18DCE6C6BA9}.Shipping|Win32.ActiveCfg = Shipping_Game|Win32
		{C9907B7D-6779-4138-BC96-B18DCE6C6BA9}.Shipping|Win32.Build.0 = Shipping_Game|Win32
		{C9907B7D-6779-4138-BC96-B18DCE6C6BA9}.Shipping|Win64.ActiveCfg = Shipping_Game|x64
		{C9907B7D-6779-4138-BC96-B18DCE6C6BA9}.Shipping|Win64.Build.0 = Shipping_Game|x64
	EndGlobalSection
	GlobalSection(SolutionProperties) = preSolution
		HideSolutionNode = FALSE
	EndGlobalSection
	GlobalSection(NestedProjects) = preSolution
		{467E333B-1512-4215-A5C9-0FFC31DB57B9} = {F5FD922B-F6DA-4974-8E35-D3CD0B8E8C79}
		{C9907B7D-6779-4138-BC96-B18DCE6C6BA9} = {525F7303-5D20-4AFC-BE74-FA4E7EB6D08B}
	EndGlobalSection
	GlobalSection(ExtensibilityGlobals) = postSolution
		SolutionGuid = {BB19A739-5F3F-41B4-8568-C225400BB58A}
	EndGlobalSection
EndGlobal
